PODS:
  - ShockoeKeychainWrapper (0.1.0)

DEPENDENCIES:
  - ShockoeKeychainWrapper (from `../`)

EXTERNAL SOURCES:
  ShockoeKeychainWrapper:
    :path: "../"

SPEC CHECKSUMS:
  ShockoeKeychainWrapper: f30431825f24bb99a97ab0f5c6fcd513cb65a6a4

PODFILE CHECKSUM: 3c12485bcf7eaa4e0b08ce3f7ea1cc79fb902920

COCOAPODS: 1.8.4
